
Microsoft Visual Studio Solution File, Format Version 12.00
# Visual Studio Version 17
VisualStudioVersion = 17.0.32112.339
MinimumVisualStudioVersion = 10.0.40219.1
Project("{2150E333-8FDC-42A3-9474-1A3956D46DE8}") = "Services", "Services", "{CAE7C709-ECD9-4EAE-A240-421455ECDD8B}"
EndProject
Project("{2150E333-8FDC-42A3-9474-1A3956D46DE8}") = "WebTools", "WebTools", "{F263B6F2-9116-4575-8BE1-31E18B2C5C9A}"
EndProject
Project("{2150E333-8FDC-42A3-9474-1A3956D46DE8}") = "Users", "Users", "{D2C299E2-D2B0-40AA-979B-9F2F47F04FC6}"
EndProject
Project("{2150E333-8FDC-42A3-9474-1A3956D46DE8}") = "Subscribers", "Subscribers", "{B032B439-38B6-4643-9C27-193BF86AE4F0}"
EndProject
Project("{2150E333-8FDC-42A3-9474-1A3956D46DE8}") = "Videos", "Videos", "{CFF29323-C3A6-45BC-8DD5-4683A8111967}"
EndProject
Project("{2150E333-8FDC-42A3-9474-1A3956D46DE8}") = "Tags", "Tags", "{F0356062-C8E3-429D-B0D7-1F2EC98F98FC}"
EndProject
Project("{2150E333-8FDC-42A3-9474-1A3956D46DE8}") = "Comments", "Comments", "{4AA87B8C-F661-4D7E-A8DC-27EB340FD135}"
EndProject
Project("{2150E333-8FDC-42A3-9474-1A3956D46DE8}") = "Likes", "Likes", "{F92314CA-0F28-4E85-A8DC-FDC9B44BED57}"
EndProject
Project("{2150E333-8FDC-42A3-9474-1A3956D46DE8}") = "BuildingBlocks", "BuildingBlocks", "{359B75AF-6C95-4039-85A8-BED028672E5E}"
EndProject
Project("{2150E333-8FDC-42A3-9474-1A3956D46DE8}") = "Auth", "Auth", "{0CE05D19-26F5-4F88-A184-0EB0B91FA182}"
EndProject
Project("{9A19103F-16F7-4668-BE54-9A1E7A4F7556}") = "Auth.API", "Auth.API\Auth.API.csproj", "{DCB81002-142B-4086-B83A-C1DAF143F3C4}"
EndProject
Project("{9A19103F-16F7-4668-BE54-9A1E7A4F7556}") = "Auth.Core", "Auth.Core\Auth.Core.csproj", "{3281B3AB-D387-4720-920D-5D5D02EE802B}"
EndProject
Project("{FAE04EC0-301F-11D3-BF4B-00C04F79EFBC}") = "Auth.Common", "Auth.Common\Auth.Common.csproj", "{B28BBA7F-AA41-4DD7-B5F2-EF9ECF158695}"
EndProject
Global
	GlobalSection(SolutionConfigurationPlatforms) = preSolution
		Debug|Any CPU = Debug|Any CPU
		Release|Any CPU = Release|Any CPU
	EndGlobalSection
	GlobalSection(ProjectConfigurationPlatforms) = postSolution
		{DCB81002-142B-4086-B83A-C1DAF143F3C4}.Debug|Any CPU.ActiveCfg = Debug|Any CPU
		{DCB81002-142B-4086-B83A-C1DAF143F3C4}.Debug|Any CPU.Build.0 = Debug|Any CPU
		{DCB81002-142B-4086-B83A-C1DAF143F3C4}.Release|Any CPU.ActiveCfg = Release|Any CPU
		{DCB81002-142B-4086-B83A-C1DAF143F3C4}.Release|Any CPU.Build.0 = Release|Any CPU
		{3281B3AB-D387-4720-920D-5D5D02EE802B}.Debug|Any CPU.ActiveCfg = Debug|Any CPU
		{3281B3AB-D387-4720-920D-5D5D02EE802B}.Debug|Any CPU.Build.0 = Debug|Any CPU
		{3281B3AB-D387-4720-920D-5D5D02EE802B}.Release|Any CPU.ActiveCfg = Release|Any CPU
		{3281B3AB-D387-4720-920D-5D5D02EE802B}.Release|Any CPU.Build.0 = Release|Any CPU
		{B28BBA7F-AA41-4DD7-B5F2-EF9ECF158695}.Debug|Any CPU.ActiveCfg = Debug|Any CPU
		{B28BBA7F-AA41-4DD7-B5F2-EF9ECF158695}.Debug|Any CPU.Build.0 = Debug|Any CPU
		{B28BBA7F-AA41-4DD7-B5F2-EF9ECF158695}.Release|Any CPU.ActiveCfg = Release|Any CPU
		{B28BBA7F-AA41-4DD7-B5F2-EF9ECF158695}.Release|Any CPU.Build.0 = Release|Any CPU
	EndGlobalSection
	GlobalSection(SolutionProperties) = preSolution
		HideSolutionNode = FALSE
	EndGlobalSection
	GlobalSection(NestedProjects) = preSolution
		{D2C299E2-D2B0-40AA-979B-9F2F47F04FC6} = {CAE7C709-ECD9-4EAE-A240-421455ECDD8B}
		{B032B439-38B6-4643-9C27-193BF86AE4F0} = {CAE7C709-ECD9-4EAE-A240-421455ECDD8B}
		{CFF29323-C3A6-45BC-8DD5-4683A8111967} = {CAE7C709-ECD9-4EAE-A240-421455ECDD8B}
		{F0356062-C8E3-429D-B0D7-1F2EC98F98FC} = {CAE7C709-ECD9-4EAE-A240-421455ECDD8B}
		{4AA87B8C-F661-4D7E-A8DC-27EB340FD135} = {CAE7C709-ECD9-4EAE-A240-421455ECDD8B}
		{F92314CA-0F28-4E85-A8DC-FDC9B44BED57} = {CAE7C709-ECD9-4EAE-A240-421455ECDD8B}
		{0CE05D19-26F5-4F88-A184-0EB0B91FA182} = {D2C299E2-D2B0-40AA-979B-9F2F47F04FC6}
		{DCB81002-142B-4086-B83A-C1DAF143F3C4} = {0CE05D19-26F5-4F88-A184-0EB0B91FA182}
		{3281B3AB-D387-4720-920D-5D5D02EE802B} = {0CE05D19-26F5-4F88-A184-0EB0B91FA182}
		{B28BBA7F-AA41-4DD7-B5F2-EF9ECF158695} = {0CE05D19-26F5-4F88-A184-0EB0B91FA182}
	EndGlobalSection
	GlobalSection(ExtensibilityGlobals) = postSolution
		SolutionGuid = {8CE25762-0974-4A0D-AB0E-33ED973754C2}
	EndGlobalSection
EndGlobal
