
Microsoft Visual Studio Solution File, Format Version 12.00
# Visual Studio Version 17
VisualStudioVersion = 17.0.32112.339
MinimumVisualStudioVersion = 10.0.40219.1
Project("{2150E333-8FDC-42A3-9474-1A3956D46DE8}") = "Services", "Services", "{CAE7C709-ECD9-4EAE-A240-421455ECDD8B}"
EndProject
Project("{2150E333-8FDC-42A3-9474-1A3956D46DE8}") = "WebTools", "WebTools", "{F263B6F2-9116-4575-8BE1-31E18B2C5C9A}"
EndProject
Project("{2150E333-8FDC-42A3-9474-1A3956D46DE8}") = "Users", "Users", "{D2C299E2-D2B0-40AA-979B-9F2F47F04FC6}"
EndProject
Project("{2150E333-8FDC-42A3-9474-1A3956D46DE8}") = "Videos", "Videos", "{CFF29323-C3A6-45BC-8DD5-4683A8111967}"
EndProject
Project("{2150E333-8FDC-42A3-9474-1A3956D46DE8}") = "Tags", "Tags", "{F0356062-C8E3-429D-B0D7-1F2EC98F98FC}"
EndProject
Project("{2150E333-8FDC-42A3-9474-1A3956D46DE8}") = "Storage", "Storage", "{DA05C39A-834F-4AFF-B1B4-C0CF47C1A660}"
EndProject
Project("{FAE04EC0-301F-11D3-BF4B-00C04F79EFBC}") = "Storage.Grpc", "Services\Storage\Storage.Grpc\Storage.Grpc.csproj", "{D485560D-D424-49B2-A369-D4BA1C3553CE}"
EndProject
Project("{FAE04EC0-301F-11D3-BF4B-00C04F79EFBC}") = "Storage.Core", "Services\Storage\Storage.Core\Storage.Core.csproj", "{11E79E1D-8557-42B6-83A6-403CBE57E4F2}"
EndProject
Project("{9A19103F-16F7-4668-BE54-9A1E7A4F7556}") = "Users.API", "Services\Users\Users.API\Users.API.csproj", "{06E66C87-EDD9-472F-85D1-33615D932976}"
EndProject
Project("{9A19103F-16F7-4668-BE54-9A1E7A4F7556}") = "Users.Core", "Services\Users\Users.Core\Users.Core.csproj", "{54D372AE-A19A-4C39-A3F2-2F10B2AAEA85}"
EndProject
Project("{FAE04EC0-301F-11D3-BF4B-00C04F79EFBC}") = "Videos.API", "Services\Videos\Videos.API\Videos.API.csproj", "{01E6A1A4-1888-4B0C-871A-F065B3818583}"
EndProject
Project("{FAE04EC0-301F-11D3-BF4B-00C04F79EFBC}") = "Videos.Core", "Services\Videos\Videos.Core\Videos.Core.csproj", "{D8F4D948-B423-4B1C-B74E-A3FA28B7ED95}"
EndProject
Project("{FAE04EC0-301F-11D3-BF4B-00C04F79EFBC}") = "Users.Grpc", "Services\Users\Users.Grpc\Users.Grpc.csproj", "{C61D0775-5DA8-4F91-BE0F-928CB3412AD7}"
EndProject
Project("{FAE04EC0-301F-11D3-BF4B-00C04F79EFBC}") = "HealthChecks", "WebTools\HealthChecks\HealthChecks.csproj", "{C6FEA7EF-AFE4-4A7F-969C-64B786638684}"
EndProject
Project("{FAE04EC0-301F-11D3-BF4B-00C04F79EFBC}") = "Tags.API", "Services\Tags\Tags.API\Tags.API.csproj", "{45DE516E-83C6-41CB-A172-F8BE72226DAE}"
EndProject
Project("{FAE04EC0-301F-11D3-BF4B-00C04F79EFBC}") = "Tags.Core", "Services\Tags\Tags.Core\Tags.Core.csproj", "{B0014D0F-4345-46E5-8066-89AF200D690D}"
EndProject
Project("{FAE04EC0-301F-11D3-BF4B-00C04F79EFBC}") = "Tags.Grpc", "Services\Tags\Tags.Grpc\Tags.Grpc.csproj", "{826E06DF-8BFF-4627-BF96-17B2B4F3CE4C}"
EndProject
Project("{2150E333-8FDC-42A3-9474-1A3956D46DE8}") = "BuildingBlocks", "BuildingBlocks", "{7798B2E8-8DCF-4E1B-B2FA-59605752C0BA}"
EndProject
Project("{FAE04EC0-301F-11D3-BF4B-00C04F79EFBC}") = "EventBus.Messages", "BuildingBlocks\EventBus.Messages\EventBus.Messages.csproj", "{DC7F9668-113B-4637-A3FB-FB3C762A2737}"
EndProject
Global
	GlobalSection(SolutionConfigurationPlatforms) = preSolution
		Debug|Any CPU = Debug|Any CPU
		Release|Any CPU = Release|Any CPU
	EndGlobalSection
	GlobalSection(ProjectConfigurationPlatforms) = postSolution
		{D485560D-D424-49B2-A369-D4BA1C3553CE}.Debug|Any CPU.ActiveCfg = Debug|Any CPU
		{D485560D-D424-49B2-A369-D4BA1C3553CE}.Debug|Any CPU.Build.0 = Debug|Any CPU
		{D485560D-D424-49B2-A369-D4BA1C3553CE}.Release|Any CPU.ActiveCfg = Release|Any CPU
		{D485560D-D424-49B2-A369-D4BA1C3553CE}.Release|Any CPU.Build.0 = Release|Any CPU
		{11E79E1D-8557-42B6-83A6-403CBE57E4F2}.Debug|Any CPU.ActiveCfg = Debug|Any CPU
		{11E79E1D-8557-42B6-83A6-403CBE57E4F2}.Debug|Any CPU.Build.0 = Debug|Any CPU
		{11E79E1D-8557-42B6-83A6-403CBE57E4F2}.Release|Any CPU.ActiveCfg = Release|Any CPU
		{11E79E1D-8557-42B6-83A6-403CBE57E4F2}.Release|Any CPU.Build.0 = Release|Any CPU
		{06E66C87-EDD9-472F-85D1-33615D932976}.Debug|Any CPU.ActiveCfg = Debug|Any CPU
		{06E66C87-EDD9-472F-85D1-33615D932976}.Debug|Any CPU.Build.0 = Debug|Any CPU
		{06E66C87-EDD9-472F-85D1-33615D932976}.Release|Any CPU.ActiveCfg = Release|Any CPU
		{06E66C87-EDD9-472F-85D1-33615D932976}.Release|Any CPU.Build.0 = Release|Any CPU
		{54D372AE-A19A-4C39-A3F2-2F10B2AAEA85}.Debug|Any CPU.ActiveCfg = Debug|Any CPU
		{54D372AE-A19A-4C39-A3F2-2F10B2AAEA85}.Debug|Any CPU.Build.0 = Debug|Any CPU
		{54D372AE-A19A-4C39-A3F2-2F10B2AAEA85}.Release|Any CPU.ActiveCfg = Release|Any CPU
		{54D372AE-A19A-4C39-A3F2-2F10B2AAEA85}.Release|Any CPU.Build.0 = Release|Any CPU
		{B28BBA7F-AA41-4DD7-B5F2-EF9ECF158695}.Debug|Any CPU.ActiveCfg = Debug|Any CPU
		{B28BBA7F-AA41-4DD7-B5F2-EF9ECF158695}.Debug|Any CPU.Build.0 = Debug|Any CPU
		{B28BBA7F-AA41-4DD7-B5F2-EF9ECF158695}.Release|Any CPU.ActiveCfg = Release|Any CPU
		{B28BBA7F-AA41-4DD7-B5F2-EF9ECF158695}.Release|Any CPU.Build.0 = Release|Any CPU
		{2EF69AB1-A13B-4008-845B-89B0B763EA41}.Debug|Any CPU.ActiveCfg = Debug|Any CPU
		{2EF69AB1-A13B-4008-845B-89B0B763EA41}.Debug|Any CPU.Build.0 = Debug|Any CPU
		{2EF69AB1-A13B-4008-845B-89B0B763EA41}.Release|Any CPU.ActiveCfg = Release|Any CPU
		{2EF69AB1-A13B-4008-845B-89B0B763EA41}.Release|Any CPU.Build.0 = Release|Any CPU
		{11290F55-2F56-4860-92B9-8839D7A9C068}.Debug|Any CPU.ActiveCfg = Debug|Any CPU
		{11290F55-2F56-4860-92B9-8839D7A9C068}.Debug|Any CPU.Build.0 = Debug|Any CPU
		{11290F55-2F56-4860-92B9-8839D7A9C068}.Release|Any CPU.ActiveCfg = Release|Any CPU
		{11290F55-2F56-4860-92B9-8839D7A9C068}.Release|Any CPU.Build.0 = Release|Any CPU
		{01E6A1A4-1888-4B0C-871A-F065B3818583}.Debug|Any CPU.ActiveCfg = Debug|Any CPU
		{01E6A1A4-1888-4B0C-871A-F065B3818583}.Debug|Any CPU.Build.0 = Debug|Any CPU
		{01E6A1A4-1888-4B0C-871A-F065B3818583}.Release|Any CPU.ActiveCfg = Release|Any CPU
		{01E6A1A4-1888-4B0C-871A-F065B3818583}.Release|Any CPU.Build.0 = Release|Any CPU
		{D8F4D948-B423-4B1C-B74E-A3FA28B7ED95}.Debug|Any CPU.ActiveCfg = Debug|Any CPU
		{D8F4D948-B423-4B1C-B74E-A3FA28B7ED95}.Debug|Any CPU.Build.0 = Debug|Any CPU
		{D8F4D948-B423-4B1C-B74E-A3FA28B7ED95}.Release|Any CPU.ActiveCfg = Release|Any CPU
		{D8F4D948-B423-4B1C-B74E-A3FA28B7ED95}.Release|Any CPU.Build.0 = Release|Any CPU
		{C61D0775-5DA8-4F91-BE0F-928CB3412AD7}.Debug|Any CPU.ActiveCfg = Debug|Any CPU
		{C61D0775-5DA8-4F91-BE0F-928CB3412AD7}.Debug|Any CPU.Build.0 = Debug|Any CPU
		{C61D0775-5DA8-4F91-BE0F-928CB3412AD7}.Release|Any CPU.ActiveCfg = Release|Any CPU
		{C61D0775-5DA8-4F91-BE0F-928CB3412AD7}.Release|Any CPU.Build.0 = Release|Any CPU
		{C6FEA7EF-AFE4-4A7F-969C-64B786638684}.Debug|Any CPU.ActiveCfg = Debug|Any CPU
		{C6FEA7EF-AFE4-4A7F-969C-64B786638684}.Debug|Any CPU.Build.0 = Debug|Any CPU
		{C6FEA7EF-AFE4-4A7F-969C-64B786638684}.Release|Any CPU.ActiveCfg = Release|Any CPU
		{C6FEA7EF-AFE4-4A7F-969C-64B786638684}.Release|Any CPU.Build.0 = Release|Any CPU
		{45DE516E-83C6-41CB-A172-F8BE72226DAE}.Debug|Any CPU.ActiveCfg = Debug|Any CPU
		{45DE516E-83C6-41CB-A172-F8BE72226DAE}.Debug|Any CPU.Build.0 = Debug|Any CPU
		{45DE516E-83C6-41CB-A172-F8BE72226DAE}.Release|Any CPU.ActiveCfg = Release|Any CPU
		{45DE516E-83C6-41CB-A172-F8BE72226DAE}.Release|Any CPU.Build.0 = Release|Any CPU
		{B0014D0F-4345-46E5-8066-89AF200D690D}.Debug|Any CPU.ActiveCfg = Debug|Any CPU
		{B0014D0F-4345-46E5-8066-89AF200D690D}.Debug|Any CPU.Build.0 = Debug|Any CPU
		{B0014D0F-4345-46E5-8066-89AF200D690D}.Release|Any CPU.ActiveCfg = Release|Any CPU
		{B0014D0F-4345-46E5-8066-89AF200D690D}.Release|Any CPU.Build.0 = Release|Any CPU
		{826E06DF-8BFF-4627-BF96-17B2B4F3CE4C}.Debug|Any CPU.ActiveCfg = Debug|Any CPU
		{826E06DF-8BFF-4627-BF96-17B2B4F3CE4C}.Debug|Any CPU.Build.0 = Debug|Any CPU
		{826E06DF-8BFF-4627-BF96-17B2B4F3CE4C}.Release|Any CPU.ActiveCfg = Release|Any CPU
		{826E06DF-8BFF-4627-BF96-17B2B4F3CE4C}.Release|Any CPU.Build.0 = Release|Any CPU
		{DC7F9668-113B-4637-A3FB-FB3C762A2737}.Debug|Any CPU.ActiveCfg = Debug|Any CPU
		{DC7F9668-113B-4637-A3FB-FB3C762A2737}.Debug|Any CPU.Build.0 = Debug|Any CPU
		{DC7F9668-113B-4637-A3FB-FB3C762A2737}.Release|Any CPU.ActiveCfg = Release|Any CPU
		{DC7F9668-113B-4637-A3FB-FB3C762A2737}.Release|Any CPU.Build.0 = Release|Any CPU
	EndGlobalSection
	GlobalSection(SolutionProperties) = preSolution
		HideSolutionNode = FALSE
	EndGlobalSection
	GlobalSection(NestedProjects) = preSolution
		{D2C299E2-D2B0-40AA-979B-9F2F47F04FC6} = {CAE7C709-ECD9-4EAE-A240-421455ECDD8B}
		{CFF29323-C3A6-45BC-8DD5-4683A8111967} = {CAE7C709-ECD9-4EAE-A240-421455ECDD8B}
		{F0356062-C8E3-429D-B0D7-1F2EC98F98FC} = {CAE7C709-ECD9-4EAE-A240-421455ECDD8B}
		{DA05C39A-834F-4AFF-B1B4-C0CF47C1A660} = {CAE7C709-ECD9-4EAE-A240-421455ECDD8B}
		{D485560D-D424-49B2-A369-D4BA1C3553CE} = {DA05C39A-834F-4AFF-B1B4-C0CF47C1A660}
		{11E79E1D-8557-42B6-83A6-403CBE57E4F2} = {DA05C39A-834F-4AFF-B1B4-C0CF47C1A660}
		{06E66C87-EDD9-472F-85D1-33615D932976} = {D2C299E2-D2B0-40AA-979B-9F2F47F04FC6}
		{54D372AE-A19A-4C39-A3F2-2F10B2AAEA85} = {D2C299E2-D2B0-40AA-979B-9F2F47F04FC6}
		{01E6A1A4-1888-4B0C-871A-F065B3818583} = {CFF29323-C3A6-45BC-8DD5-4683A8111967}
		{D8F4D948-B423-4B1C-B74E-A3FA28B7ED95} = {CFF29323-C3A6-45BC-8DD5-4683A8111967}
		{C61D0775-5DA8-4F91-BE0F-928CB3412AD7} = {D2C299E2-D2B0-40AA-979B-9F2F47F04FC6}
		{C6FEA7EF-AFE4-4A7F-969C-64B786638684} = {F263B6F2-9116-4575-8BE1-31E18B2C5C9A}
		{45DE516E-83C6-41CB-A172-F8BE72226DAE} = {F0356062-C8E3-429D-B0D7-1F2EC98F98FC}
		{B0014D0F-4345-46E5-8066-89AF200D690D} = {F0356062-C8E3-429D-B0D7-1F2EC98F98FC}
		{826E06DF-8BFF-4627-BF96-17B2B4F3CE4C} = {F0356062-C8E3-429D-B0D7-1F2EC98F98FC}
		{DC7F9668-113B-4637-A3FB-FB3C762A2737} = {7798B2E8-8DCF-4E1B-B2FA-59605752C0BA}
	EndGlobalSection
	GlobalSection(ExtensibilityGlobals) = postSolution
		SolutionGuid = {8CE25762-0974-4A0D-AB0E-33ED973754C2}
	EndGlobalSection
EndGlobal
