
Microsoft Visual Studio Solution File, Format Version 12.00
# Visual Studio Version 17
VisualStudioVersion = 17.0.32112.339
MinimumVisualStudioVersion = 10.0.40219.1
Project("{2150E333-8FDC-42A3-9474-1A3956D46DE8}") = "Services", "Services", "{CAE7C709-ECD9-4EAE-A240-421455ECDD8B}"
EndProject
Project("{2150E333-8FDC-42A3-9474-1A3956D46DE8}") = "WebTools", "WebTools", "{F263B6F2-9116-4575-8BE1-31E18B2C5C9A}"
EndProject
Project("{2150E333-8FDC-42A3-9474-1A3956D46DE8}") = "Users", "Users", "{D2C299E2-D2B0-40AA-979B-9F2F47F04FC6}"
EndProject
Project("{2150E333-8FDC-42A3-9474-1A3956D46DE8}") = "Subscribers", "Subscribers", "{B032B439-38B6-4643-9C27-193BF86AE4F0}"
EndProject
Project("{2150E333-8FDC-42A3-9474-1A3956D46DE8}") = "Videos", "Videos", "{CFF29323-C3A6-45BC-8DD5-4683A8111967}"
EndProject
Project("{2150E333-8FDC-42A3-9474-1A3956D46DE8}") = "Tags", "Tags", "{F0356062-C8E3-429D-B0D7-1F2EC98F98FC}"
EndProject
Project("{2150E333-8FDC-42A3-9474-1A3956D46DE8}") = "Comments", "Comments", "{4AA87B8C-F661-4D7E-A8DC-27EB340FD135}"
EndProject
Project("{2150E333-8FDC-42A3-9474-1A3956D46DE8}") = "Likes", "Likes", "{F92314CA-0F28-4E85-A8DC-FDC9B44BED57}"
EndProject
Project("{2150E333-8FDC-42A3-9474-1A3956D46DE8}") = "BuildingBlocks", "BuildingBlocks", "{359B75AF-6C95-4039-85A8-BED028672E5E}"
EndProject
Project("{2150E333-8FDC-42A3-9474-1A3956D46DE8}") = "ApiGateways", "ApiGateways", "{444E1497-5BD4-4CF4-B73C-57D95630727A}"
EndProject
Project("{2150E333-8FDC-42A3-9474-1A3956D46DE8}") = "Storage", "Storage", "{DA05C39A-834F-4AFF-B1B4-C0CF47C1A660}"
EndProject
Project("{FAE04EC0-301F-11D3-BF4B-00C04F79EFBC}") = "Storage.Grpc", "Services\Storage\Storage.Grpc\Storage.Grpc.csproj", "{D485560D-D424-49B2-A369-D4BA1C3553CE}"
EndProject
Project("{FAE04EC0-301F-11D3-BF4B-00C04F79EFBC}") = "Storage.Core", "Services\Storage\Storage.Core\Storage.Core.csproj", "{11E79E1D-8557-42B6-83A6-403CBE57E4F2}"
EndProject
Project("{9A19103F-16F7-4668-BE54-9A1E7A4F7556}") = "Users.API", "Services\Users\Users.API\Users.API.csproj", "{06E66C87-EDD9-472F-85D1-33615D932976}"
EndProject
Project("{9A19103F-16F7-4668-BE54-9A1E7A4F7556}") = "Users.Core", "Services\Users\Users.Core\Users.Core.csproj", "{54D372AE-A19A-4C39-A3F2-2F10B2AAEA85}"
EndProject
Project("{FAE04EC0-301F-11D3-BF4B-00C04F79EFBC}") = "Videos.API", "Services\Videos\Videos.API\Videos.API.csproj", "{01E6A1A4-1888-4B0C-871A-F065B3818583}"
EndProject
Project("{FAE04EC0-301F-11D3-BF4B-00C04F79EFBC}") = "Videos.Core", "Services\Videos\Videos.Core\Videos.Core.csproj", "{D8F4D948-B423-4B1C-B74E-A3FA28B7ED95}"
EndProject
Global
	GlobalSection(SolutionConfigurationPlatforms) = preSolution
		Debug|Any CPU = Debug|Any CPU
		Release|Any CPU = Release|Any CPU
	EndGlobalSection
	GlobalSection(ProjectConfigurationPlatforms) = postSolution
		{D485560D-D424-49B2-A369-D4BA1C3553CE}.Debug|Any CPU.ActiveCfg = Debug|Any CPU
		{D485560D-D424-49B2-A369-D4BA1C3553CE}.Debug|Any CPU.Build.0 = Debug|Any CPU
		{D485560D-D424-49B2-A369-D4BA1C3553CE}.Release|Any CPU.ActiveCfg = Release|Any CPU
		{D485560D-D424-49B2-A369-D4BA1C3553CE}.Release|Any CPU.Build.0 = Release|Any CPU
		{11E79E1D-8557-42B6-83A6-403CBE57E4F2}.Debug|Any CPU.ActiveCfg = Debug|Any CPU
		{11E79E1D-8557-42B6-83A6-403CBE57E4F2}.Debug|Any CPU.Build.0 = Debug|Any CPU
		{11E79E1D-8557-42B6-83A6-403CBE57E4F2}.Release|Any CPU.ActiveCfg = Release|Any CPU
		{11E79E1D-8557-42B6-83A6-403CBE57E4F2}.Release|Any CPU.Build.0 = Release|Any CPU
		{06E66C87-EDD9-472F-85D1-33615D932976}.Debug|Any CPU.ActiveCfg = Debug|Any CPU
		{06E66C87-EDD9-472F-85D1-33615D932976}.Debug|Any CPU.Build.0 = Debug|Any CPU
		{06E66C87-EDD9-472F-85D1-33615D932976}.Release|Any CPU.ActiveCfg = Release|Any CPU
		{06E66C87-EDD9-472F-85D1-33615D932976}.Release|Any CPU.Build.0 = Release|Any CPU
		{54D372AE-A19A-4C39-A3F2-2F10B2AAEA85}.Debug|Any CPU.ActiveCfg = Debug|Any CPU
		{54D372AE-A19A-4C39-A3F2-2F10B2AAEA85}.Debug|Any CPU.Build.0 = Debug|Any CPU
		{54D372AE-A19A-4C39-A3F2-2F10B2AAEA85}.Release|Any CPU.ActiveCfg = Release|Any CPU
		{54D372AE-A19A-4C39-A3F2-2F10B2AAEA85}.Release|Any CPU.Build.0 = Release|Any CPU
		{B28BBA7F-AA41-4DD7-B5F2-EF9ECF158695}.Debug|Any CPU.ActiveCfg = Debug|Any CPU
		{B28BBA7F-AA41-4DD7-B5F2-EF9ECF158695}.Debug|Any CPU.Build.0 = Debug|Any CPU
		{B28BBA7F-AA41-4DD7-B5F2-EF9ECF158695}.Release|Any CPU.ActiveCfg = Release|Any CPU
		{B28BBA7F-AA41-4DD7-B5F2-EF9ECF158695}.Release|Any CPU.Build.0 = Release|Any CPU
		{2EF69AB1-A13B-4008-845B-89B0B763EA41}.Debug|Any CPU.ActiveCfg = Debug|Any CPU
		{2EF69AB1-A13B-4008-845B-89B0B763EA41}.Debug|Any CPU.Build.0 = Debug|Any CPU
		{2EF69AB1-A13B-4008-845B-89B0B763EA41}.Release|Any CPU.ActiveCfg = Release|Any CPU
		{2EF69AB1-A13B-4008-845B-89B0B763EA41}.Release|Any CPU.Build.0 = Release|Any CPU
		{11290F55-2F56-4860-92B9-8839D7A9C068}.Debug|Any CPU.ActiveCfg = Debug|Any CPU
		{11290F55-2F56-4860-92B9-8839D7A9C068}.Debug|Any CPU.Build.0 = Debug|Any CPU
		{11290F55-2F56-4860-92B9-8839D7A9C068}.Release|Any CPU.ActiveCfg = Release|Any CPU
		{11290F55-2F56-4860-92B9-8839D7A9C068}.Release|Any CPU.Build.0 = Release|Any CPU
		{01E6A1A4-1888-4B0C-871A-F065B3818583}.Debug|Any CPU.ActiveCfg = Debug|Any CPU
		{01E6A1A4-1888-4B0C-871A-F065B3818583}.Debug|Any CPU.Build.0 = Debug|Any CPU
		{01E6A1A4-1888-4B0C-871A-F065B3818583}.Release|Any CPU.ActiveCfg = Release|Any CPU
		{01E6A1A4-1888-4B0C-871A-F065B3818583}.Release|Any CPU.Build.0 = Release|Any CPU
		{D8F4D948-B423-4B1C-B74E-A3FA28B7ED95}.Debug|Any CPU.ActiveCfg = Debug|Any CPU
		{D8F4D948-B423-4B1C-B74E-A3FA28B7ED95}.Debug|Any CPU.Build.0 = Debug|Any CPU
		{D8F4D948-B423-4B1C-B74E-A3FA28B7ED95}.Release|Any CPU.ActiveCfg = Release|Any CPU
		{D8F4D948-B423-4B1C-B74E-A3FA28B7ED95}.Release|Any CPU.Build.0 = Release|Any CPU
	EndGlobalSection
	GlobalSection(SolutionProperties) = preSolution
		HideSolutionNode = FALSE
	EndGlobalSection
	GlobalSection(NestedProjects) = preSolution
		{D2C299E2-D2B0-40AA-979B-9F2F47F04FC6} = {CAE7C709-ECD9-4EAE-A240-421455ECDD8B}
		{B032B439-38B6-4643-9C27-193BF86AE4F0} = {CAE7C709-ECD9-4EAE-A240-421455ECDD8B}
		{CFF29323-C3A6-45BC-8DD5-4683A8111967} = {CAE7C709-ECD9-4EAE-A240-421455ECDD8B}
		{F0356062-C8E3-429D-B0D7-1F2EC98F98FC} = {CAE7C709-ECD9-4EAE-A240-421455ECDD8B}
		{4AA87B8C-F661-4D7E-A8DC-27EB340FD135} = {CAE7C709-ECD9-4EAE-A240-421455ECDD8B}
		{F92314CA-0F28-4E85-A8DC-FDC9B44BED57} = {CAE7C709-ECD9-4EAE-A240-421455ECDD8B}
		{DA05C39A-834F-4AFF-B1B4-C0CF47C1A660} = {CAE7C709-ECD9-4EAE-A240-421455ECDD8B}
		{D485560D-D424-49B2-A369-D4BA1C3553CE} = {DA05C39A-834F-4AFF-B1B4-C0CF47C1A660}
		{11E79E1D-8557-42B6-83A6-403CBE57E4F2} = {DA05C39A-834F-4AFF-B1B4-C0CF47C1A660}
		{06E66C87-EDD9-472F-85D1-33615D932976} = {D2C299E2-D2B0-40AA-979B-9F2F47F04FC6}
		{54D372AE-A19A-4C39-A3F2-2F10B2AAEA85} = {D2C299E2-D2B0-40AA-979B-9F2F47F04FC6}
		{01E6A1A4-1888-4B0C-871A-F065B3818583} = {CFF29323-C3A6-45BC-8DD5-4683A8111967}
		{D8F4D948-B423-4B1C-B74E-A3FA28B7ED95} = {CFF29323-C3A6-45BC-8DD5-4683A8111967}
	EndGlobalSection
	GlobalSection(ExtensibilityGlobals) = postSolution
		SolutionGuid = {8CE25762-0974-4A0D-AB0E-33ED973754C2}
	EndGlobalSection
EndGlobal
